
Microsoft Visual Studio Solution File, Format Version 12.00
# Visual Studio 15
VisualStudioVersion = 15.0.28307.1022
MinimumVisualStudioVersion = 10.0.40219.1
Project("{8BC9CEB8-8B4A-11D0-8D11-00A0C91BC942}") = "SDIZO_Graphs", "SDIZO_Graphs\SDIZO_Graphs.vcxproj", "{CC026C23-B1E1-4CE1-BB17-762D827A2B3E}"
EndProject
Global
	GlobalSection(SolutionConfigurationPlatforms) = preSolution
		Debug|x64 = Debug|x64
		Debug|x86 = Debug|x86
		Release|x64 = Release|x64
		Release|x86 = Release|x86
	EndGlobalSection
	GlobalSection(ProjectConfigurationPlatforms) = postSolution
		{CC026C23-B1E1-4CE1-BB17-762D827A2B3E}.Debug|x64.ActiveCfg = Debug|x64
		{CC026C23-B1E1-4CE1-BB17-762D827A2B3E}.Debug|x64.Build.0 = Debug|x64
		{CC026C23-B1E1-4CE1-BB17-762D827A2B3E}.Debug|x86.ActiveCfg = Debug|Win32
		{CC026C23-B1E1-4CE1-BB17-762D827A2B3E}.Debug|x86.Build.0 = Debug|Win32
		{CC026C23-B1E1-4CE1-BB17-762D827A2B3E}.Release|x64.ActiveCfg = Release|x64
		{CC026C23-B1E1-4CE1-BB17-762D827A2B3E}.Release|x64.Build.0 = Release|x64
		{CC026C23-B1E1-4CE1-BB17-762D827A2B3E}.Release|x86.ActiveCfg = Release|Win32
		{CC026C23-B1E1-4CE1-BB17-762D827A2B3E}.Release|x86.Build.0 = Release|Win32
	EndGlobalSection
	GlobalSection(SolutionProperties) = preSolution
		HideSolutionNode = FALSE
	EndGlobalSection
	GlobalSection(ExtensibilityGlobals) = postSolution
		SolutionGuid = {86391489-71FC-4673-B690-B51C7A996E0F}
	EndGlobalSection
EndGlobal
